{
  "name": "inthemix",
  "version": "1.0.0",
  "lockfileVersion": 1,
  "requires": true,
  "dependencies": {
    "html5-qrcode": {
      "version": "2.0.12",
      "resolved": "https://registry.npmjs.org/html5-qrcode/-/html5-qrcode-2.0.12.tgz",
      "integrity": "sha512-9pfGODZRZ2uhNiZJHGxKp7G31ORJ/N8kQmnib93/HucetbShBimARYjE3Mvgh+rDs2nTetUC5twUYuZ8kvZOvQ=="
    }
  }
}
